
Microsoft Visual Studio Solution File, Format Version 12.00
# Visual Studio 15
VisualStudioVersion = 15.0.27703.2035
MinimumVisualStudioVersion = 10.0.40219.1
Project("{FAE04EC0-301F-11D3-BF4B-00C04F79EFBC}") = "lib60870", "lib60870\lib60870.csproj", "{F604286A-1AFC-4355-8C2C-A998CFCEE979}"
EndProject
Project("{FAE04EC0-301F-11D3-BF4B-00C04F79EFBC}") = "lib60870-tests", "tests\lib60870-tests.csproj", "{E366CDDD-E2FF-4275-9975-5C309671BAF7}"
EndProject
Project("{FAE04EC0-301F-11D3-BF4B-00C04F79EFBC}") = "cs104-client3", "examples\cs104-client3\cs104-client3.csproj", "{05875DE2-6036-46E9-A656-BACB47D6E5F5}"
EndProject
Global
	GlobalSection(SolutionConfigurationPlatforms) = preSolution
		Debug|x86 = Debug|x86
		Release|x86 = Release|x86
	EndGlobalSection
	GlobalSection(ProjectConfigurationPlatforms) = postSolution
		{F604286A-1AFC-4355-8C2C-A998CFCEE979}.Debug|x86.ActiveCfg = Debug|x86
		{F604286A-1AFC-4355-8C2C-A998CFCEE979}.Debug|x86.Build.0 = Debug|x86
		{F604286A-1AFC-4355-8C2C-A998CFCEE979}.Release|x86.ActiveCfg = Release|Any CPU
		{F604286A-1AFC-4355-8C2C-A998CFCEE979}.Release|x86.Build.0 = Release|Any CPU
		{E366CDDD-E2FF-4275-9975-5C309671BAF7}.Debug|x86.ActiveCfg = Debug|Any CPU
		{E366CDDD-E2FF-4275-9975-5C309671BAF7}.Debug|x86.Build.0 = Debug|Any CPU
		{E366CDDD-E2FF-4275-9975-5C309671BAF7}.Release|x86.ActiveCfg = Release|Any CPU
		{E366CDDD-E2FF-4275-9975-5C309671BAF7}.Release|x86.Build.0 = Release|Any CPU
		{05875DE2-6036-46E9-A656-BACB47D6E5F5}.Debug|x86.ActiveCfg = Debug|x86
		{05875DE2-6036-46E9-A656-BACB47D6E5F5}.Debug|x86.Build.0 = Debug|x86
		{05875DE2-6036-46E9-A656-BACB47D6E5F5}.Release|x86.ActiveCfg = Release|x86
		{05875DE2-6036-46E9-A656-BACB47D6E5F5}.Release|x86.Build.0 = Release|x86
	EndGlobalSection
	GlobalSection(SolutionProperties) = preSolution
		HideSolutionNode = FALSE
	EndGlobalSection
	GlobalSection(ExtensibilityGlobals) = postSolution
		SolutionGuid = {1FA2316F-C3E6-421C-920C-727F526F132F}
	EndGlobalSection
	GlobalSection(MonoDevelopProperties) = preSolution
		Policies = $0
		$0.DotNetNamingPolicy = $1
		$1.DirectoryNamespaceAssociation = None
		$1.ResourceNamePolicy = FileFormatDefault
		$0.StandardHeader = $2
		$2.Text = @/*\n *  Copyright 2016, 2017 MZ Automation GmbH\n *\n *  This file is part of lib60870.NET\n *\n *  lib60870.NET is free software: you can redistribute it and/or modify\n *  it under the terms of the GNU General Public License as published by\n *  the Free Software Foundation, either version 3 of the License, or\n *  (at your option) any later version.\n *\n *  lib60870.NET is distributed in the hope that it will be useful,\n *  but WITHOUT ANY WARRANTY; without even the implied warranty of\n *  MERCHANTABILITY or FITNESS FOR A PARTICULAR PURPOSE.  See the\n *  GNU General Public License for more details.\n *\n *  You should have received a copy of the GNU General Public License\n *  along with lib60870.NET.  If not, see <http://www.gnu.org/licenses/>.\n *\n *  See COPYING file for the complete license text.\n */\n\n
		$2.IncludeInNewFiles = True
		$0.NameConventionPolicy = $3
		$3.Rules = $4
		$4.NamingRule = $5
		$5.AffectedEntity = None
		$5.VisibilityMask = VisibilityMask
		$5.NamingStyle = None
		$5.IncludeInstanceMembers = True
		$5.IncludeStaticEntities = True
		$0.TextStylePolicy = $6
		$6.NoTabsAfterNonTabs = True
		$6.inheritsSet = VisualStudio
		$6.inheritsScope = text/plain
		$6.scope = text/x-csharp
		$0.CSharpFormattingPolicy = $7
		$7.IndentSwitchBody = True
		$7.IndentBlocksInsideExpressions = True
		$7.AnonymousMethodBraceStyle = NextLine
		$7.PropertyBraceStyle = NextLine
		$7.PropertyGetBraceStyle = NextLine
		$7.PropertySetBraceStyle = NextLine
		$7.EventBraceStyle = NextLine
		$7.EventAddBraceStyle = NextLine
		$7.EventRemoveBraceStyle = NextLine
		$7.StatementBraceStyle = NextLine
		$7.ElseNewLinePlacement = NewLine
		$7.CatchNewLinePlacement = NewLine
		$7.FinallyNewLinePlacement = NewLine
		$7.WhileNewLinePlacement = DoNotCare
		$7.ArrayInitializerWrapping = DoNotChange
		$7.ArrayInitializerBraceStyle = NextLine
		$7.BeforeMethodDeclarationParentheses = False
		$7.BeforeMethodCallParentheses = False
		$7.BeforeConstructorDeclarationParentheses = False
		$7.NewLineBeforeConstructorInitializerColon = NewLine
		$7.NewLineAfterConstructorInitializerColon = SameLine
		$7.BeforeDelegateDeclarationParentheses = False
		$7.NewParentheses = False
		$7.SpacesBeforeBrackets = False
		$7.inheritsSet = Mono
		$7.inheritsScope = text/x-csharp
		$7.scope = text/x-csharp
		version = 2.2.0
		StartupItem = lib60870\lib60870.csproj
	EndGlobalSection
EndGlobal
